
Microsoft Visual Studio Solution File, Format Version 12.00
# Visual Studio Version 16
VisualStudioVersion = 16.0.31702.278
MinimumVisualStudioVersion = 10.0.40219.1
Project("{FAE04EC0-301F-11D3-BF4B-00C04F79EFBC}") = "AURA Swift", "AURA Swift.csproj", "{CEB51C0C-95FF-4EB3-9933-19548E555072}"
EndProject
Global
	GlobalSection(SolutionConfigurationPlatforms) = preSolution
		Debug|Any CPU = Debug|Any CPU
		Release|Any CPU = Release|Any CPU
	EndGlobalSection
	GlobalSection(ProjectConfigurationPlatforms) = postSolution
		{CEB51C0C-95FF-4EB3-9933-19548E555072}.Debug|Any CPU.ActiveCfg = Debug|Any CPU
		{CEB51C0C-95FF-4EB3-9933-19548E555072}.Debug|Any CPU.Build.0 = Debug|Any CPU
		{CEB51C0C-95FF-4EB3-9933-19548E555072}.Release|Any CPU.ActiveCfg = Release|Any CPU
		{CEB51C0C-95FF-4EB3-9933-19548E555072}.Release|Any CPU.Build.0 = Release|Any CPU
	EndGlobalSection
	GlobalSection(SolutionProperties) = preSolution
		HideSolutionNode = FALSE
	EndGlobalSection
	GlobalSection(ExtensibilityGlobals) = postSolution
		SolutionGuid = {F3126D52-A4A2-4C6E-960B-316A4CBBABE6}
	EndGlobalSection
EndGlobal
